
Microsoft Visual Studio Solution File, Format Version 12.00
# Visual Studio 15
VisualStudioVersion = 15.0.28307.421
MinimumVisualStudioVersion = 10.0.40219.1
Project("{FAE04EC0-301F-11D3-BF4B-00C04F79EFBC}") = "WebApplication1", "WebApplication1\WebApplication1.csproj", "{A59243D6-DAC5-4E46-832D-287BE1E5445F}"
EndProject
Global
	GlobalSection(SolutionConfigurationPlatforms) = preSolution
		Debug|Any CPU = Debug|Any CPU
		Release|Any CPU = Release|Any CPU
	EndGlobalSection
	GlobalSection(ProjectConfigurationPlatforms) = postSolution
		{A59243D6-DAC5-4E46-832D-287BE1E5445F}.Debug|Any CPU.ActiveCfg = Debug|Any CPU
		{A59243D6-DAC5-4E46-832D-287BE1E5445F}.Debug|Any CPU.Build.0 = Debug|Any CPU
		{A59243D6-DAC5-4E46-832D-287BE1E5445F}.Release|Any CPU.ActiveCfg = Release|Any CPU
		{A59243D6-DAC5-4E46-832D-287BE1E5445F}.Release|Any CPU.Build.0 = Release|Any CPU
	EndGlobalSection
	GlobalSection(SolutionProperties) = preSolution
		HideSolutionNode = FALSE
	EndGlobalSection
	GlobalSection(ExtensibilityGlobals) = postSolution
		SolutionGuid = {4AEAF066-05B7-4375-88BB-84754E306BC0}
	EndGlobalSection
EndGlobal
